
Microsoft Visual Studio Solution File, Format Version 12.00
# Visual Studio Version 17
VisualStudioVersion = 17.5.33424.131
MinimumVisualStudioVersion = 10.0.40219.1
Project("{9A19103F-16F7-4668-BE54-9A1E7A4F7556}") = "Web-API", "Web-API\Web-API.csproj", "{0D212220-B147-458E-97E8-3F82D13D09BB}"
EndProject
Project("{FAE04EC0-301F-11D3-BF4B-00C04F79EFBC}") = "Registration", "Registration\Registration.csproj", "{10062721-CB16-459B-99AD-F59F04E2B494}"
EndProject
Global
	GlobalSection(SolutionConfigurationPlatforms) = preSolution
		Debug|Any CPU = Debug|Any CPU
		Release|Any CPU = Release|Any CPU
	EndGlobalSection
	GlobalSection(ProjectConfigurationPlatforms) = postSolution
		{0D212220-B147-458E-97E8-3F82D13D09BB}.Debug|Any CPU.ActiveCfg = Debug|Any CPU
		{0D212220-B147-458E-97E8-3F82D13D09BB}.Debug|Any CPU.Build.0 = Debug|Any CPU
		{0D212220-B147-458E-97E8-3F82D13D09BB}.Release|Any CPU.ActiveCfg = Release|Any CPU
		{0D212220-B147-458E-97E8-3F82D13D09BB}.Release|Any CPU.Build.0 = Release|Any CPU
		{10062721-CB16-459B-99AD-F59F04E2B494}.Debug|Any CPU.ActiveCfg = Debug|Any CPU
		{10062721-CB16-459B-99AD-F59F04E2B494}.Debug|Any CPU.Build.0 = Debug|Any CPU
		{10062721-CB16-459B-99AD-F59F04E2B494}.Release|Any CPU.ActiveCfg = Release|Any CPU
		{10062721-CB16-459B-99AD-F59F04E2B494}.Release|Any CPU.Build.0 = Release|Any CPU
	EndGlobalSection
	GlobalSection(SolutionProperties) = preSolution
		HideSolutionNode = FALSE
	EndGlobalSection
	GlobalSection(ExtensibilityGlobals) = postSolution
		SolutionGuid = {012BC73C-9107-4FD1-8E9F-6525F7400D88}
	EndGlobalSection
EndGlobal
